
Microsoft Visual Studio Solution File, Format Version 12.00
# Visual Studio Version 16
VisualStudioVersion = 16.0.33214.272
MinimumVisualStudioVersion = 10.0.40219.1
Project("{FAE04EC0-301F-11D3-BF4B-00C04F79EFBC}") = "MatrixChallenge", "MatrixChallenge\MatrixChallenge.csproj", "{0330D9DA-7B75-4755-95B0-FE092D97418D}"
EndProject
Global
	GlobalSection(SolutionConfigurationPlatforms) = preSolution
		Debug|Any CPU = Debug|Any CPU
		Release|Any CPU = Release|Any CPU
	EndGlobalSection
	GlobalSection(ProjectConfigurationPlatforms) = postSolution
		{0330D9DA-7B75-4755-95B0-FE092D97418D}.Debug|Any CPU.ActiveCfg = Debug|Any CPU
		{0330D9DA-7B75-4755-95B0-FE092D97418D}.Debug|Any CPU.Build.0 = Debug|Any CPU
		{0330D9DA-7B75-4755-95B0-FE092D97418D}.Release|Any CPU.ActiveCfg = Release|Any CPU
		{0330D9DA-7B75-4755-95B0-FE092D97418D}.Release|Any CPU.Build.0 = Release|Any CPU
	EndGlobalSection
	GlobalSection(SolutionProperties) = preSolution
		HideSolutionNode = FALSE
	EndGlobalSection
	GlobalSection(ExtensibilityGlobals) = postSolution
		SolutionGuid = {70F8D6D3-B614-4A40-A5D5-2A95FCB680BB}
	EndGlobalSection
EndGlobal
